// !$*UTF8*$!
{
	archiveVersion = 1;
	classes = {
	};
	objectVersion = 56;
	objects = {

/* Begin PBXBuildFile section */
		9F3CA37AFC2784C9FCFB3373 /* Pods_MyCloudDrive.framework in Frameworks */ = {isa = PBXBuildFile; fileRef = 101238750CC1E4546E57F149 /* Pods_MyCloudDrive.framework */; };
		B2FB9C032C9BBD6F00B56004 /* AppDelegate.swift in Sources */ = {isa = PBXBuildFile; fileRef = B2FB9C022C9BBD6F00B56004 /* AppDelegate.swift */; };
		B2FB9C052C9BBD6F00B56004 /* SceneDelegate.swift in Sources */ = {isa = PBXBuildFile; fileRef = B2FB9C042C9BBD6F00B56004 /* SceneDelegate.swift */; };
		B2FB9C072C9BBD6F00B56004 /* ViewController.swift in Sources */ = {isa = PBXBuildFile; fileRef = B2FB9C062C9BBD6F00B56004 /* ViewController.swift */; };
		B2FB9C0A2C9BBD6F00B56004 /* Base in Resources */ = {isa = PBXBuildFile; fileRef = B2FB9C092C9BBD6F00B56004 /* Base */; };
		B2FB9C0C2C9BBD7100B56004 /* Assets.xcassets in Resources */ = {isa = PBXBuildFile; fileRef = B2FB9C0B2C9BBD7100B56004 /* Assets.xcassets */; };
		B2FB9C0F2C9BBD7100B56004 /* Base in Resources */ = {isa = PBXBuildFile; fileRef = B2FB9C0E2C9BBD7100B56004 /* Base */; };
		B2FB9C172C9D80B800B56004 /* CloudDriveManager.swift in Sources */ = {isa = PBXBuildFile; fileRef = B2FB9C162C9D80B800B56004 /* CloudDriveManager.swift */; };
		B2FB9C192C9E575C00B56004 /* DropboxManageViewController.swift in Sources */ = {isa = PBXBuildFile; fileRef = B2FB9C182C9E575C00B56004 /* DropboxManageViewController.swift */; };
		B2FB9C1F2CA3ECE100B56004 /* GoogleDriveManageViewController.swift in Sources */ = {isa = PBXBuildFile; fileRef = B2FB9C1E2CA3ECE100B56004 /* GoogleDriveManageViewController.swift */; };
		B2FB9C242CA4375200B56004 /* client_150852583959-i49jt3u3subg7n99ie8vliep7oaap81d.apps.googleusercontent.com.plist in Resources */ = {isa = PBXBuildFile; fileRef = B2FB9C232CA4375200B56004 /* client_150852583959-i49jt3u3subg7n99ie8vliep7oaap81d.apps.googleusercontent.com.plist */; };
		B2FB9C272CA4391D00B56004 /* OneDriveManageViewController.swift in Sources */ = {isa = PBXBuildFile; fileRef = B2FB9C262CA4391D00B56004 /* OneDriveManageViewController.swift */; };
/* End PBXBuildFile section */

/* Begin PBXFileReference section */
		101238750CC1E4546E57F149 /* Pods_MyCloudDrive.framework */ = {isa = PBXFileReference; explicitFileType = wrapper.framework; includeInIndex = 0; path = Pods_MyCloudDrive.framework; sourceTree = BUILT_PRODUCTS_DIR; };
		6B6310FDD1DC00DC42FD30A9 /* Pods-MyCloudDrive.debug.xcconfig */ = {isa = PBXFileReference; includeInIndex = 1; lastKnownFileType = text.xcconfig; name = "Pods-MyCloudDrive.debug.xcconfig"; path = "Target Support Files/Pods-MyCloudDrive/Pods-MyCloudDrive.debug.xcconfig"; sourceTree = "<group>"; };
		ADF5D311D8B947E6EFE72068 /* Pods-MyCloudDrive.release.xcconfig */ = {isa = PBXFileReference; includeInIndex = 1; lastKnownFileType = text.xcconfig; name = "Pods-MyCloudDrive.release.xcconfig"; path = "Target Support Files/Pods-MyCloudDrive/Pods-MyCloudDrive.release.xcconfig"; sourceTree = "<group>"; };
		B2FB9BFF2C9BBD6F00B56004 /* MyCloudDrive.app */ = {isa = PBXFileReference; explicitFileType = wrapper.application; includeInIndex = 0; path = MyCloudDrive.app; sourceTree = BUILT_PRODUCTS_DIR; };
		B2FB9C022C9BBD6F00B56004 /* AppDelegate.swift */ = {isa = PBXFileReference; lastKnownFileType = sourcecode.swift; path = AppDelegate.swift; sourceTree = "<group>"; };
		B2FB9C042C9BBD6F00B56004 /* SceneDelegate.swift */ = {isa = PBXFileReference; lastKnownFileType = sourcecode.swift; path = SceneDelegate.swift; sourceTree = "<group>"; };
		B2FB9C062C9BBD6F00B56004 /* ViewController.swift */ = {isa = PBXFileReference; lastKnownFileType = sourcecode.swift; path = ViewController.swift; sourceTree = "<group>"; };
		B2FB9C092C9BBD6F00B56004 /* Base */ = {isa = PBXFileReference; lastKnownFileType = file.storyboard; name = Base; path = Base.lproj/Main.storyboard; sourceTree = "<group>"; };
		B2FB9C0B2C9BBD7100B56004 /* Assets.xcassets */ = {isa = PBXFileReference; lastKnownFileType = folder.assetcatalog; path = Assets.xcassets; sourceTree = "<group>"; };
		B2FB9C0E2C9BBD7100B56004 /* Base */ = {isa = PBXFileReference; lastKnownFileType = file.storyboard; name = Base; path = Base.lproj/LaunchScreen.storyboard; sourceTree = "<group>"; };
		B2FB9C102C9BBD7100B56004 /* Info.plist */ = {isa = PBXFileReference; lastKnownFileType = text.plist.xml; path = Info.plist; sourceTree = "<group>"; };
		B2FB9C162C9D80B800B56004 /* CloudDriveManager.swift */ = {isa = PBXFileReference; lastKnownFileType = sourcecode.swift; path = CloudDriveManager.swift; sourceTree = "<group>"; };
		B2FB9C182C9E575C00B56004 /* DropboxManageViewController.swift */ = {isa = PBXFileReference; lastKnownFileType = sourcecode.swift; path = DropboxManageViewController.swift; sourceTree = "<group>"; };
		B2FB9C1E2CA3ECE100B56004 /* GoogleDriveManageViewController.swift */ = {isa = PBXFileReference; lastKnownFileType = sourcecode.swift; path = GoogleDriveManageViewController.swift; sourceTree = "<group>"; };
		B2FB9C232CA4375200B56004 /* client_150852583959-i49jt3u3subg7n99ie8vliep7oaap81d.apps.googleusercontent.com.plist */ = {isa = PBXFileReference; fileEncoding = 4; lastKnownFileType = text.plist.xml; path = "client_150852583959-i49jt3u3subg7n99ie8vliep7oaap81d.apps.googleusercontent.com.plist"; sourceTree = "<group>"; };
		B2FB9C262CA4391D00B56004 /* OneDriveManageViewController.swift */ = {isa = PBXFileReference; fileEncoding = 4; lastKnownFileType = sourcecode.swift; path = OneDriveManageViewController.swift; sourceTree = "<group>"; };
		B2FB9C292CB520E600B56004 /* MyCloudDrive.entitlements */ = {isa = PBXFileReference; lastKnownFileType = text.plist.entitlements; path = MyCloudDrive.entitlements; sourceTree = "<group>"; };
/* End PBXFileReference section */

/* Begin PBXFrameworksBuildPhase section */
		B2FB9BFC2C9BBD6F00B56004 /* Frameworks */ = {
			isa = PBXFrameworksBuildPhase;
			buildActionMask = 2147483647;
			files = (
				9F3CA37AFC2784C9FCFB3373 /* Pods_MyCloudDrive.framework in Frameworks */,
			);
			runOnlyForDeploymentPostprocessing = 0;
		};
/* End PBXFrameworksBuildPhase section */

/* Begin PBXGroup section */
		02CE3D7B8C11CBBC372B7174 /* Pods */ = {
			isa = PBXGroup;
			children = (
				6B6310FDD1DC00DC42FD30A9 /* Pods-MyCloudDrive.debug.xcconfig */,
				ADF5D311D8B947E6EFE72068 /* Pods-MyCloudDrive.release.xcconfig */,
			);
			path = Pods;
			sourceTree = "<group>";
		};
		34F76B3888553FF73C6EAFCA /* Frameworks */ = {
			isa = PBXGroup;
			children = (
				101238750CC1E4546E57F149 /* Pods_MyCloudDrive.framework */,
			);
			name = Frameworks;
			sourceTree = "<group>";
		};
		B2FB9BF62C9BBD6F00B56004 = {
			isa = PBXGroup;
			children = (
				B2FB9C012C9BBD6F00B56004 /* MyCloudDrive */,
				B2FB9C002C9BBD6F00B56004 /* Products */,
				02CE3D7B8C11CBBC372B7174 /* Pods */,
				34F76B3888553FF73C6EAFCA /* Frameworks */,
			);
			sourceTree = "<group>";
		};
		B2FB9C002C9BBD6F00B56004 /* Products */ = {
			isa = PBXGroup;
			children = (
				B2FB9BFF2C9BBD6F00B56004 /* MyCloudDrive.app */,
			);
			name = Products;
			sourceTree = "<group>";
		};
		B2FB9C012C9BBD6F00B56004 /* MyCloudDrive */ = {
			isa = PBXGroup;
			children = (
				B2FB9C292CB520E600B56004 /* MyCloudDrive.entitlements */,
				B2FB9C022C9BBD6F00B56004 /* AppDelegate.swift */,
				B2FB9C042C9BBD6F00B56004 /* SceneDelegate.swift */,
				B2FB9C062C9BBD6F00B56004 /* ViewController.swift */,
				B2FB9C082C9BBD6F00B56004 /* Main.storyboard */,
				B2FB9C0B2C9BBD7100B56004 /* Assets.xcassets */,
				B2FB9C0D2C9BBD7100B56004 /* LaunchScreen.storyboard */,
				B2FB9C102C9BBD7100B56004 /* Info.plist */,
				B2FB9C162C9D80B800B56004 /* CloudDriveManager.swift */,
				B2FB9C182C9E575C00B56004 /* DropboxManageViewController.swift */,
				B2FB9C1E2CA3ECE100B56004 /* GoogleDriveManageViewController.swift */,
				B2FB9C262CA4391D00B56004 /* OneDriveManageViewController.swift */,
				B2FB9C232CA4375200B56004 /* client_150852583959-i49jt3u3subg7n99ie8vliep7oaap81d.apps.googleusercontent.com.plist */,
			);
			path = MyCloudDrive;
			sourceTree = "<group>";
		};
/* End PBXGroup section */

/* Begin PBXNativeTarget section */
		B2FB9BFE2C9BBD6F00B56004 /* MyCloudDrive */ = {
			isa = PBXNativeTarget;
			buildConfigurationList = B2FB9C132C9BBD7100B56004 /* Build configuration list for PBXNativeTarget "MyCloudDrive" */;
			buildPhases = (
				34E78C62E4A58F3E0748ACE5 /* [CP] Check Pods Manifest.lock */,
				B2FB9BFB2C9BBD6F00B56004 /* Sources */,
				B2FB9BFC2C9BBD6F00B56004 /* Frameworks */,
				B2FB9BFD2C9BBD6F00B56004 /* Resources */,
				07499E0DDD0D4BA03F8CA74F /* [CP] Embed Pods Frameworks */,
			);
			buildRules = (
			);
			dependencies = (
			);
			name = MyCloudDrive;
			productName = MyCloudDrive;
			productReference = B2FB9BFF2C9BBD6F00B56004 /* MyCloudDrive.app */;
			productType = "com.apple.product-type.application";
		};
/* End PBXNativeTarget section */

/* Begin PBXProject section */
		B2FB9BF72C9BBD6F00B56004 /* Project object */ = {
			isa = PBXProject;
			attributes = {
				BuildIndependentTargetsInParallel = 1;
				LastSwiftUpdateCheck = 1540;
				LastUpgradeCheck = 1540;
				TargetAttributes = {
					B2FB9BFE2C9BBD6F00B56004 = {
						CreatedOnToolsVersion = 15.4;
					};
				};
			};
			buildConfigurationList = B2FB9BFA2C9BBD6F00B56004 /* Build configuration list for PBXProject "MyCloudDrive" */;
			compatibilityVersion = "Xcode 14.0";
			developmentRegion = en;
			hasScannedForEncodings = 0;
			knownRegions = (
				en,
				Base,
			);
			mainGroup = B2FB9BF62C9BBD6F00B56004;
			productRefGroup = B2FB9C002C9BBD6F00B56004 /* Products */;
			projectDirPath = "";
			projectRoot = "";
			targets = (
				B2FB9BFE2C9BBD6F00B56004 /* MyCloudDrive */,
			);
		};
/* End PBXProject section */

/* Begin PBXResourcesBuildPhase section */
		B2FB9BFD2C9BBD6F00B56004 /* Resources */ = {
			isa = PBXResourcesBuildPhase;
			buildActionMask = 2147483647;
			files = (
				B2FB9C242CA4375200B56004 /* client_150852583959-i49jt3u3subg7n99ie8vliep7oaap81d.apps.googleusercontent.com.plist in Resources */,
				B2FB9C0C2C9BBD7100B56004 /* Assets.xcassets in Resources */,
				B2FB9C0F2C9BBD7100B56004 /* Base in Resources */,
				B2FB9C0A2C9BBD6F00B56004 /* Base in Resources */,
			);
			runOnlyForDeploymentPostprocessing = 0;
		};
/* End PBXResourcesBuildPhase section */

/* Begin PBXShellScriptBuildPhase section */
		07499E0DDD0D4BA03F8CA74F /* [CP] Embed Pods Frameworks */ = {
			isa = PBXShellScriptBuildPhase;
			buildActionMask = 2147483647;
			files = (
			);
			inputFileListPaths = (
				"${PODS_ROOT}/Target Support Files/Pods-MyCloudDrive/Pods-MyCloudDrive-frameworks-${CONFIGURATION}-input-files.xcfilelist",
			);
			name = "[CP] Embed Pods Frameworks";
			outputFileListPaths = (
				"${PODS_ROOT}/Target Support Files/Pods-MyCloudDrive/Pods-MyCloudDrive-frameworks-${CONFIGURATION}-output-files.xcfilelist",
			);
			runOnlyForDeploymentPostprocessing = 0;
			shellPath = /bin/sh;
			shellScript = "\"${PODS_ROOT}/Target Support Files/Pods-MyCloudDrive/Pods-MyCloudDrive-frameworks.sh\"\n";
			showEnvVarsInLog = 0;
		};
		34E78C62E4A58F3E0748ACE5 /* [CP] Check Pods Manifest.lock */ = {
			isa = PBXShellScriptBuildPhase;
			buildActionMask = 2147483647;
			files = (
			);
			inputFileListPaths = (
			);
			inputPaths = (
				"${PODS_PODFILE_DIR_PATH}/Podfile.lock",
				"${PODS_ROOT}/Manifest.lock",
			);
			name = "[CP] Check Pods Manifest.lock";
			outputFileListPaths = (
			);
			outputPaths = (
				"$(DERIVED_FILE_DIR)/Pods-MyCloudDrive-checkManifestLockResult.txt",
			);
			runOnlyForDeploymentPostprocessing = 0;
			shellPath = /bin/sh;
			shellScript = "diff \"${PODS_PODFILE_DIR_PATH}/Podfile.lock\" \"${PODS_ROOT}/Manifest.lock\" > /dev/null\nif [ $? != 0 ] ; then\n    # print error to STDERR\n    echo \"error: The sandbox is not in sync with the Podfile.lock. Run 'pod install' or update your CocoaPods installation.\" >&2\n    exit 1\nfi\n# This output is used by Xcode 'outputs' to avoid re-running this script phase.\necho \"SUCCESS\" > \"${SCRIPT_OUTPUT_FILE_0}\"\n";
			showEnvVarsInLog = 0;
		};
/* End PBXShellScriptBuildPhase section */

/* Begin PBXSourcesBuildPhase section */
		B2FB9BFB2C9BBD6F00B56004 /* Sources */ = {
			isa = PBXSourcesBuildPhase;
			buildActionMask = 2147483647;
			files = (
				B2FB9C272CA4391D00B56004 /* OneDriveManageViewController.swift in Sources */,
				B2FB9C072C9BBD6F00B56004 /* ViewController.swift in Sources */,
				B2FB9C1F2CA3ECE100B56004 /* GoogleDriveManageViewController.swift in Sources */,
				B2FB9C032C9BBD6F00B56004 /* AppDelegate.swift in Sources */,
				B2FB9C172C9D80B800B56004 /* CloudDriveManager.swift in Sources */,
				B2FB9C052C9BBD6F00B56004 /* SceneDelegate.swift in Sources */,
				B2FB9C192C9E575C00B56004 /* DropboxManageViewController.swift in Sources */,
			);
			runOnlyForDeploymentPostprocessing = 0;
		};
/* End PBXSourcesBuildPhase section */

/* Begin PBXVariantGroup section */
		B2FB9C082C9BBD6F00B56004 /* Main.storyboard */ = {
			isa = PBXVariantGroup;
			children = (
				B2FB9C092C9BBD6F00B56004 /* Base */,
			);
			name = Main.storyboard;
			sourceTree = "<group>";
		};
		B2FB9C0D2C9BBD7100B56004 /* LaunchScreen.storyboard */ = {
			isa = PBXVariantGroup;
			children = (
				B2FB9C0E2C9BBD7100B56004 /* Base */,
			);
			name = LaunchScreen.storyboard;
			sourceTree = "<group>";
		};
/* End PBXVariantGroup section */

/* Begin XCBuildConfiguration section */
		B2FB9C112C9BBD7100B56004 /* Debug */ = {
			isa = XCBuildConfiguration;
			buildSettings = {
				ALWAYS_SEARCH_USER_PATHS = NO;
				ASSETCATALOG_COMPILER_GENERATE_SWIFT_ASSET_SYMBOL_EXTENSIONS = YES;
				CLANG_ANALYZER_NONNULL = YES;
				CLANG_ANALYZER_NUMBER_OBJECT_CONVERSION = YES_AGGRESSIVE;
				CLANG_CXX_LANGUAGE_STANDARD = "gnu++20";
				CLANG_ENABLE_MODULES = YES;
				CLANG_ENABLE_OBJC_ARC = YES;
				CLANG_ENABLE_OBJC_WEAK = YES;
				CLANG_WARN_BLOCK_CAPTURE_AUTORELEASING = YES;
				CLANG_WARN_BOOL_CONVERSION = YES;
				CLANG_WARN_COMMA = YES;
				CLANG_WARN_CONSTANT_CONVERSION = YES;
				CLANG_WARN_DEPRECATED_OBJC_IMPLEMENTATIONS = YES;
				CLANG_WARN_DIRECT_OBJC_ISA_USAGE = YES_ERROR;
				CLANG_WARN_DOCUMENTATION_COMMENTS = YES;
				CLANG_WARN_EMPTY_BODY = YES;
				CLANG_WARN_ENUM_CONVERSION = YES;
				CLANG_WARN_INFINITE_RECURSION = YES;
				CLANG_WARN_INT_CONVERSION = YES;
				CLANG_WARN_NON_LITERAL_NULL_CONVERSION = YES;
				CLANG_WARN_OBJC_IMPLICIT_RETAIN_SELF = YES;
				CLANG_WARN_OBJC_LITERAL_CONVERSION = YES;
				CLANG_WARN_OBJC_ROOT_CLASS = YES_ERROR;
				CLANG_WARN_QUOTED_INCLUDE_IN_FRAMEWORK_HEADER = YES;
				CLANG_WARN_RANGE_LOOP_ANALYSIS = YES;
				CLANG_WARN_STRICT_PROTOTYPES = YES;
				CLANG_WARN_SUSPICIOUS_MOVE = YES;
				CLANG_WARN_UNGUARDED_AVAILABILITY = YES_AGGRESSIVE;
				CLANG_WARN_UNREACHABLE_CODE = YES;
				CLANG_WARN__DUPLICATE_METHOD_MATCH = YES;
				COPY_PHASE_STRIP = NO;
				DEBUG_INFORMATION_FORMAT = dwarf;
				ENABLE_STRICT_OBJC_MSGSEND = YES;
				ENABLE_TESTABILITY = YES;
				ENABLE_USER_SCRIPT_SANDBOXING = YES;
				GCC_C_LANGUAGE_STANDARD = gnu17;
				GCC_DYNAMIC_NO_PIC = NO;
				GCC_NO_COMMON_BLOCKS = YES;
				GCC_OPTIMIZATION_LEVEL = 0;
				GCC_PREPROCESSOR_DEFINITIONS = (
					"DEBUG=1",
					"$(inherited)",
				);
				GCC_WARN_64_TO_32_BIT_CONVERSION = YES;
				GCC_WARN_ABOUT_RETURN_TYPE = YES_ERROR;
				GCC_WARN_UNDECLARED_SELECTOR = YES;
				GCC_WARN_UNINITIALIZED_AUTOS = YES_AGGRESSIVE;
				GCC_WARN_UNUSED_FUNCTION = YES;
				GCC_WARN_UNUSED_VARIABLE = YES;
				IPHONEOS_DEPLOYMENT_TARGET = 14.0;
				LOCALIZATION_PREFERS_STRING_CATALOGS = YES;
				MTL_ENABLE_DEBUG_INFO = INCLUDE_SOURCE;
				MTL_FAST_MATH = YES;
				ONLY_ACTIVE_ARCH = YES;
				SDKROOT = iphoneos;
				SWIFT_ACTIVE_COMPILATION_CONDITIONS = "DEBUG $(inherited)";
				SWIFT_OPTIMIZATION_LEVEL = "-Onone";
			};
			name = Debug;
		};
		B2FB9C122C9BBD7100B56004 /* Release */ = {
			isa = XCBuildConfiguration;
			buildSettings = {
				ALWAYS_SEARCH_USER_PATHS = NO;
				ASSETCATALOG_COMPILER_GENERATE_SWIFT_ASSET_SYMBOL_EXTENSIONS = YES;
				CLANG_ANALYZER_NONNULL = YES;
				CLANG_ANALYZER_NUMBER_OBJECT_CONVERSION = YES_AGGRESSIVE;
				CLANG_CXX_LANGUAGE_STANDARD = "gnu++20";
				CLANG_ENABLE_MODULES = YES;
				CLANG_ENABLE_OBJC_ARC = YES;
				CLANG_ENABLE_OBJC_WEAK = YES;
				CLANG_WARN_BLOCK_CAPTURE_AUTORELEASING = YES;
				CLANG_WARN_BOOL_CONVERSION = YES;
				CLANG_WARN_COMMA = YES;
				CLANG_WARN_CONSTANT_CONVERSION = YES;
				CLANG_WARN_DEPRECATED_OBJC_IMPLEMENTATIONS = YES;
				CLANG_WARN_DIRECT_OBJC_ISA_USAGE = YES_ERROR;
				CLANG_WARN_DOCUMENTATION_COMMENTS = YES;
				CLANG_WARN_EMPTY_BODY = YES;
				CLANG_WARN_ENUM_CONVERSION = YES;
				CLANG_WARN_INFINITE_RECURSION = YES;
				CLANG_WARN_INT_CONVERSION = YES;
				CLANG_WARN_NON_LITERAL_NULL_CONVERSION = YES;
				CLANG_WARN_OBJC_IMPLICIT_RETAIN_SELF = YES;
				CLANG_WARN_OBJC_LITERAL_CONVERSION = YES;
				CLANG_WARN_OBJC_ROOT_CLASS = YES_ERROR;
				CLANG_WARN_QUOTED_INCLUDE_IN_FRAMEWORK_HEADER = YES;
				CLANG_WARN_RANGE_LOOP_ANALYSIS = YES;
				CLANG_WARN_STRICT_PROTOTYPES = YES;
				CLANG_WARN_SUSPICIOUS_MOVE = YES;
				CLANG_WARN_UNGUARDED_AVAILABILITY = YES_AGGRESSIVE;
				CLANG_WARN_UNREACHABLE_CODE = YES;
				CLANG_WARN__DUPLICATE_METHOD_MATCH = YES;
				COPY_PHASE_STRIP = NO;
				DEBUG_INFORMATION_FORMAT = "dwarf-with-dsym";
				ENABLE_NS_ASSERTIONS = NO;
				ENABLE_STRICT_OBJC_MSGSEND = YES;
				ENABLE_USER_SCRIPT_SANDBOXING = YES;
				GCC_C_LANGUAGE_STANDARD = gnu17;
				GCC_NO_COMMON_BLOCKS = YES;
				GCC_WARN_64_TO_32_BIT_CONVERSION = YES;
				GCC_WARN_ABOUT_RETURN_TYPE = YES_ERROR;
				GCC_WARN_UNDECLARED_SELECTOR = YES;
				GCC_WARN_UNINITIALIZED_AUTOS = YES_AGGRESSIVE;
				GCC_WARN_UNUSED_FUNCTION = YES;
				GCC_WARN_UNUSED_VARIABLE = YES;
				IPHONEOS_DEPLOYMENT_TARGET = 14.0;
				LOCALIZATION_PREFERS_STRING_CATALOGS = YES;
				MTL_ENABLE_DEBUG_INFO = NO;
				MTL_FAST_MATH = YES;
				SDKROOT = iphoneos;
				SWIFT_COMPILATION_MODE = wholemodule;
				VALIDATE_PRODUCT = YES;
			};
			name = Release;
		};
		B2FB9C142C9BBD7100B56004 /* Debug */ = {
			isa = XCBuildConfiguration;
			baseConfigurationReference = 6B6310FDD1DC00DC42FD30A9 /* Pods-MyCloudDrive.debug.xcconfig */;
			buildSettings = {
				ASSETCATALOG_COMPILER_APPICON_NAME = AppIcon;
				ASSETCATALOG_COMPILER_GLOBAL_ACCENT_COLOR_NAME = AccentColor;
				CODE_SIGN_ENTITLEMENTS = MyCloudDrive/MyCloudDrive.entitlements;
				CODE_SIGN_STYLE = Automatic;
				CURRENT_PROJECT_VERSION = 1;
				DEVELOPMENT_TEAM = "";
				ENABLE_USER_SCRIPT_SANDBOXING = NO;
				GENERATE_INFOPLIST_FILE = YES;
				INFOPLIST_FILE = MyCloudDrive/Info.plist;
				INFOPLIST_KEY_UIApplicationSupportsIndirectInputEvents = YES;
				INFOPLIST_KEY_UILaunchStoryboardName = LaunchScreen;
				INFOPLIST_KEY_UIMainStoryboardFile = Main;
				INFOPLIST_KEY_UISupportedInterfaceOrientations_iPad = "UIInterfaceOrientationPortrait UIInterfaceOrientationPortraitUpsideDown UIInterfaceOrientationLandscapeLeft UIInterfaceOrientationLandscapeRight";
				INFOPLIST_KEY_UISupportedInterfaceOrientations_iPhone = "UIInterfaceOrientationPortrait UIInterfaceOrientationLandscapeLeft UIInterfaceOrientationLandscapeRight";
				IPHONEOS_DEPLOYMENT_TARGET = 14.0;
				LD_RUNPATH_SEARCH_PATHS = (
					"$(inherited)",
					"@executable_path/Frameworks",
				);
				MARKETING_VERSION = 1.0;
				PRODUCT_BUNDLE_IDENTIFIER = com.ppsw.clouddrive;
				PRODUCT_NAME = "$(TARGET_NAME)";
				SWIFT_EMIT_LOC_STRINGS = YES;
				SWIFT_VERSION = 5.0;
				TARGETED_DEVICE_FAMILY = "1,2";
			};
			name = Debug;
		};
		B2FB9C152C9BBD7100B56004 /* Release */ = {
			isa = XCBuildConfiguration;
			baseConfigurationReference = ADF5D311D8B947E6EFE72068 /* Pods-MyCloudDrive.release.xcconfig */;
			buildSettings = {
				ASSETCATALOG_COMPILER_APPICON_NAME = AppIcon;
				ASSETCATALOG_COMPILER_GLOBAL_ACCENT_COLOR_NAME = AccentColor;
				CODE_SIGN_ENTITLEMENTS = MyCloudDrive/MyCloudDrive.entitlements;
				CODE_SIGN_STYLE = Automatic;
				CURRENT_PROJECT_VERSION = 1;
				DEVELOPMENT_TEAM = "";
				ENABLE_USER_SCRIPT_SANDBOXING = NO;
				GENERATE_INFOPLIST_FILE = YES;
				INFOPLIST_FILE = MyCloudDrive/Info.plist;
				INFOPLIST_KEY_UIApplicationSupportsIndirectInputEvents = YES;
				INFOPLIST_KEY_UILaunchStoryboardName = LaunchScreen;
				INFOPLIST_KEY_UIMainStoryboardFile = Main;
				INFOPLIST_KEY_UISupportedInterfaceOrientations_iPad = "UIInterfaceOrientationPortrait UIInterfaceOrientationPortraitUpsideDown UIInterfaceOrientationLandscapeLeft UIInterfaceOrientationLandscapeRight";
				INFOPLIST_KEY_UISupportedInterfaceOrientations_iPhone = "UIInterfaceOrientationPortrait UIInterfaceOrientationLandscapeLeft UIInterfaceOrientationLandscapeRight";
				IPHONEOS_DEPLOYMENT_TARGET = 14.0;
				LD_RUNPATH_SEARCH_PATHS = (
					"$(inherited)",
					"@executable_path/Frameworks",
				);
				MARKETING_VERSION = 1.0;
				PRODUCT_BUNDLE_IDENTIFIER = com.ppsw.clouddrive;
				PRODUCT_NAME = "$(TARGET_NAME)";
				SWIFT_EMIT_LOC_STRINGS = YES;
				SWIFT_VERSION = 5.0;
				TARGETED_DEVICE_FAMILY = "1,2";
			};
			name = Release;
		};
/* End XCBuildConfiguration section */

/* Begin XCConfigurationList section */
		B2FB9BFA2C9BBD6F00B56004 /* Build configuration list for PBXProject "MyCloudDrive" */ = {
			isa = XCConfigurationList;
			buildConfigurations = (
				B2FB9C112C9BBD7100B56004 /* Debug */,
				B2FB9C122C9BBD7100B56004 /* Release */,
			);
			defaultConfigurationIsVisible = 0;
			defaultConfigurationName = Release;
		};
		B2FB9C132C9BBD7100B56004 /* Build configuration list for PBXNativeTarget "MyCloudDrive" */ = {
			isa = XCConfigurationList;
			buildConfigurations = (
				B2FB9C142C9BBD7100B56004 /* Debug */,
				B2FB9C152C9BBD7100B56004 /* Release */,
			);
			defaultConfigurationIsVisible = 0;
			defaultConfigurationName = Release;
		};
/* End XCConfigurationList section */
	};
	rootObject = B2FB9BF72C9BBD6F00B56004 /* Project object */;
}
